PODS:
  - razorpay-pod (1.4.3)
  - Shared (0.0.1):
    - razorpay-pod (= 1.4.3)

DEPENDENCIES:
  - Shared (from `../shared`)

SPEC REPOS:
  trunk:
    - razorpay-pod

EXTERNAL SOURCES:
  Shared:
    :path: "../shared"

SPEC CHECKSUMS:
  razorpay-pod: af9d52abe715ed5cc3eed9fdf6fd74340443d0b9
  Shared: cb7c7b487b2926531e7e871d6d1cf70810f5acdb

PODFILE CHECKSUM: 6bea16efa129e46e5bc7c0d85e964568440ac4d0

COCOAPODS: 1.16.2
