PODS:
  - Airborne (0.37.0)
  - composeApp (1.0):
    - HyperSDK (= 2.2.8.1)
    - razorpay-pod (= 1.4.3)
  - HyperCore (1.0.5)
  - HyperSDK (2.2.8.1):
    - Airborne (= 0.37.0)
    - HyperCore (= 1.0.5)
    - JuspaySafeBrowser (= 0.1.94)
  - JuspaySafeBrowser (0.1.94)
  - NativeIapBridge (1.0.0)
  - razorpay-pod (1.4.3)

DEPENDENCIES:
  - composeApp (from `../composeApp`)
  - NativeIapBridge (from `../composeApp/build/iosPodSources/native-iap`)

SPEC REPOS:
  trunk:
    - Airborne
    - HyperCore
    - HyperSDK
    - JuspaySafeBrowser
    - razorpay-pod

EXTERNAL SOURCES:
  composeApp:
    :path: "../composeApp"
  NativeIapBridge:
    :path: "../composeApp/build/iosPodSources/native-iap"

SPEC CHECKSUMS:
  Airborne: 118490096542972c3f208cc2d711a44b2b637bad
  composeApp: df7e5b7cbeb952c444615bdaab02ae39de5702ed
  HyperCore: 2bad2288ef0b8deed586331aa43ddef925ae14bb
  HyperSDK: 69153e61718412440adbfd0deb17c1d1cd038ca6
  JuspaySafeBrowser: 8141eb92fe4d77da997907a0c5eadc0616bce2fa
  NativeIapBridge: afbfcfd197cc7cc7246b26b1db608167858a739d
  razorpay-pod: af9d52abe715ed5cc3eed9fdf6fd74340443d0b9

PODFILE CHECKSUM: 3fd8a49c65e180db38887835e1b253c39f898a70

COCOAPODS: 1.16.2
