PODS:
  - composeApp (1.0)
  - razorpay-pod (1.4.3)

DEPENDENCIES:
  - composeApp (from `../composeApp`)
  - razorpay-pod (= 1.4.3)

SPEC REPOS:
  trunk:
    - razorpay-pod

EXTERNAL SOURCES:
  composeApp:
    :path: "../composeApp"

SPEC CHECKSUMS:
  composeApp: aa6d103d4b97b3f51f3cf0c8c76bc2d84e83c7b8
  razorpay-pod: af9d52abe715ed5cc3eed9fdf6fd74340443d0b9

PODFILE CHECKSUM: 76f0ab9c75a5cb1df3be734789973f3f3f0fad04

COCOAPODS: 1.16.2
